
Microsoft Visual Studio Solution File, Format Version 12.00
# Visual Studio 15
VisualStudioVersion = 15.0.28307.271
MinimumVisualStudioVersion = 10.0.40219.1
Project("{FAE04EC0-301F-11D3-BF4B-00C04F79EFBC}") = "Lab40103wordGuessGame", "Lab40103wordGuessGame\Lab40103wordGuessGame.csproj", "{B9E2F03A-AC1F-4B11-AC95-927CE9E532FF}"
EndProject
Global
	GlobalSection(SolutionConfigurationPlatforms) = preSolution
		Debug|Any CPU = Debug|Any CPU
		Release|Any CPU = Release|Any CPU
	EndGlobalSection
	GlobalSection(ProjectConfigurationPlatforms) = postSolution
		{B9E2F03A-AC1F-4B11-AC95-927CE9E532FF}.Debug|Any CPU.ActiveCfg = Debug|Any CPU
		{B9E2F03A-AC1F-4B11-AC95-927CE9E532FF}.Debug|Any CPU.Build.0 = Debug|Any CPU
		{B9E2F03A-AC1F-4B11-AC95-927CE9E532FF}.Release|Any CPU.ActiveCfg = Release|Any CPU
		{B9E2F03A-AC1F-4B11-AC95-927CE9E532FF}.Release|Any CPU.Build.0 = Release|Any CPU
	EndGlobalSection
	GlobalSection(SolutionProperties) = preSolution
		HideSolutionNode = FALSE
	EndGlobalSection
	GlobalSection(ExtensibilityGlobals) = postSolution
		SolutionGuid = {48594DF8-9D42-4AD8-A795-6BA500757641}
	EndGlobalSection
EndGlobal
